// !$*UTF8*$!
{
	archiveVersion = 1;
	classes = {
	};
	objectVersion = 50;
	objects = {

/* Begin PBXBuildFile section */
		1A0E298523DCB1FE0017742F /* MoviesView.swift in Sources */ = {isa = PBXBuildFile; fileRef = 1A0E298423DCB1FE0017742F /* MoviesView.swift */; };
		1A0E298923DCB2900017742F /* ViewCode.swift in Sources */ = {isa = PBXBuildFile; fileRef = 1A0E298823DCB2900017742F /* ViewCode.swift */; };
		1A0E298B23DCB2C40017742F /* UIView+Constraints.swift in Sources */ = {isa = PBXBuildFile; fileRef = 1A0E298A23DCB2C40017742F /* UIView+Constraints.swift */; };
		1A0E298E23DCB3E50017742F /* UIImageView+LoadImage.swift in Sources */ = {isa = PBXBuildFile; fileRef = 1A0E298D23DCB3E50017742F /* UIImageView+LoadImage.swift */; };
		1A0E299123DCBC890017742F /* LayoutSettings.swift in Sources */ = {isa = PBXBuildFile; fileRef = 1A0E299023DCBC890017742F /* LayoutSettings.swift */; };
		1A0E299323DCC8580017742F /* MovieTableViewCell.swift in Sources */ = {isa = PBXBuildFile; fileRef = 1A0E299223DCC8580017742F /* MovieTableViewCell.swift */; };
		1A0E299523DCCF900017742F /* MoviesViewModel.swift in Sources */ = {isa = PBXBuildFile; fileRef = 1A0E299423DCCF900017742F /* MoviesViewModel.swift */; };
		1AD3832723DBBBDF00EB72F1 /* AppDelegate.swift in Sources */ = {isa = PBXBuildFile; fileRef = 1AD3832623DBBBDF00EB72F1 /* AppDelegate.swift */; };
		1AD3832923DBBBDF00EB72F1 /* SceneDelegate.swift in Sources */ = {isa = PBXBuildFile; fileRef = 1AD3832823DBBBDF00EB72F1 /* SceneDelegate.swift */; };
		1AD3832B23DBBBDF00EB72F1 /* MainViewController.swift in Sources */ = {isa = PBXBuildFile; fileRef = 1AD3832A23DBBBDF00EB72F1 /* MainViewController.swift */; };
		1AD3833023DBBBE300EB72F1 /* Assets.xcassets in Resources */ = {isa = PBXBuildFile; fileRef = 1AD3832F23DBBBE300EB72F1 /* Assets.xcassets */; };
		1AD3833323DBBBE300EB72F1 /* LaunchScreen.storyboard in Resources */ = {isa = PBXBuildFile; fileRef = 1AD3833123DBBBE300EB72F1 /* LaunchScreen.storyboard */; };
		1AD3833E23DBBBE300EB72F1 /* MVVMStudyTests.swift in Sources */ = {isa = PBXBuildFile; fileRef = 1AD3833D23DBBBE300EB72F1 /* MVVMStudyTests.swift */; };
		1AD3835223DBCF5F00EB72F1 /* ProviderProtocol.swift in Sources */ = {isa = PBXBuildFile; fileRef = 1AD3835123DBCF5F00EB72F1 /* ProviderProtocol.swift */; };
		1AD3835423DBCF8300EB72F1 /* ServiceProtocol.swift in Sources */ = {isa = PBXBuildFile; fileRef = 1AD3835323DBCF8300EB72F1 /* ServiceProtocol.swift */; };
		1AD3835623DBCFA100EB72F1 /* URLSessionProtocol.swift in Sources */ = {isa = PBXBuildFile; fileRef = 1AD3835523DBCFA100EB72F1 /* URLSessionProtocol.swift */; };
		1AD3835823DBD02400EB72F1 /* URLSessionProvider.swift in Sources */ = {isa = PBXBuildFile; fileRef = 1AD3835723DBD02400EB72F1 /* URLSessionProvider.swift */; };
		1AD3835A23DBD04700EB72F1 /* Service.swift in Sources */ = {isa = PBXBuildFile; fileRef = 1AD3835923DBD04700EB72F1 /* Service.swift */; };
		1AD3835D23DBD07800EB72F1 /* HTTPMethod.swift in Sources */ = {isa = PBXBuildFile; fileRef = 1AD3835C23DBD07800EB72F1 /* HTTPMethod.swift */; };
		1AD3835F23DBD08D00EB72F1 /* NetworkError.swift in Sources */ = {isa = PBXBuildFile; fileRef = 1AD3835E23DBD08D00EB72F1 /* NetworkError.swift */; };
		1AD3836123DBD0A800EB72F1 /* NetworkResponse.swift in Sources */ = {isa = PBXBuildFile; fileRef = 1AD3836023DBD0A800EB72F1 /* NetworkResponse.swift */; };
		1AD3836323DBD0CA00EB72F1 /* ParametersEncoding.swift in Sources */ = {isa = PBXBuildFile; fileRef = 1AD3836223DBD0CA00EB72F1 /* ParametersEncoding.swift */; };
		1AD3836523DBD0E000EB72F1 /* Task.swift in Sources */ = {isa = PBXBuildFile; fileRef = 1AD3836423DBD0E000EB72F1 /* Task.swift */; };
		1AD3836723DBD10900EB72F1 /* URLComponents+.swift in Sources */ = {isa = PBXBuildFile; fileRef = 1AD3836623DBD10900EB72F1 /* URLComponents+.swift */; };
		1AD3836923DBD12A00EB72F1 /* URLRequest+.swift in Sources */ = {isa = PBXBuildFile; fileRef = 1AD3836823DBD12A00EB72F1 /* URLRequest+.swift */; };
		1AD3836B23DBD13900EB72F1 /* URLSession+.swift in Sources */ = {isa = PBXBuildFile; fileRef = 1AD3836A23DBD13900EB72F1 /* URLSession+.swift */; };
		1AD3836D23DBD5E700EB72F1 /* NetworkManager.swift in Sources */ = {isa = PBXBuildFile; fileRef = 1AD3836C23DBD5E700EB72F1 /* NetworkManager.swift */; };
		1AD3836F23DBD84500EB72F1 /* Movie.swift in Sources */ = {isa = PBXBuildFile; fileRef = 1AD3836E23DBD84500EB72F1 /* Movie.swift */; };
		1AE2656923DFA8CA006B4944 /* MoviesViewModelTests.swift in Sources */ = {isa = PBXBuildFile; fileRef = 1AE2656823DFA8CA006B4944 /* MoviesViewModelTests.swift */; };
/* End PBXBuildFile section */

/* Begin PBXContainerItemProxy section */
		1AD3833A23DBBBE300EB72F1 /* PBXContainerItemProxy */ = {
			isa = PBXContainerItemProxy;
			containerPortal = 1AD3831B23DBBBDF00EB72F1 /* Project object */;
			proxyType = 1;
			remoteGlobalIDString = 1AD3832223DBBBDF00EB72F1;
			remoteInfo = MVVMStudy;
		};
/* End PBXContainerItemProxy section */

/* Begin PBXFileReference section */
		1A0E298423DCB1FE0017742F /* MoviesView.swift */ = {isa = PBXFileReference; lastKnownFileType = sourcecode.swift; path = MoviesView.swift; sourceTree = "<group>"; };
		1A0E298823DCB2900017742F /* ViewCode.swift */ = {isa = PBXFileReference; lastKnownFileType = sourcecode.swift; path = ViewCode.swift; sourceTree = "<group>"; };
		1A0E298A23DCB2C40017742F /* UIView+Constraints.swift */ = {isa = PBXFileReference; lastKnownFileType = sourcecode.swift; path = "UIView+Constraints.swift"; sourceTree = "<group>"; };
		1A0E298D23DCB3E50017742F /* UIImageView+LoadImage.swift */ = {isa = PBXFileReference; lastKnownFileType = sourcecode.swift; path = "UIImageView+LoadImage.swift"; sourceTree = "<group>"; };
		1A0E299023DCBC890017742F /* LayoutSettings.swift */ = {isa = PBXFileReference; lastKnownFileType = sourcecode.swift; path = LayoutSettings.swift; sourceTree = "<group>"; };
		1A0E299223DCC8580017742F /* MovieTableViewCell.swift */ = {isa = PBXFileReference; lastKnownFileType = sourcecode.swift; path = MovieTableViewCell.swift; sourceTree = "<group>"; };
		1A0E299423DCCF900017742F /* MoviesViewModel.swift */ = {isa = PBXFileReference; lastKnownFileType = sourcecode.swift; path = MoviesViewModel.swift; sourceTree = "<group>"; };
		1AD3832323DBBBDF00EB72F1 /* MVVMStudy.app */ = {isa = PBXFileReference; explicitFileType = wrapper.application; includeInIndex = 0; path = MVVMStudy.app; sourceTree = BUILT_PRODUCTS_DIR; };
		1AD3832623DBBBDF00EB72F1 /* AppDelegate.swift */ = {isa = PBXFileReference; lastKnownFileType = sourcecode.swift; path = AppDelegate.swift; sourceTree = "<group>"; };
		1AD3832823DBBBDF00EB72F1 /* SceneDelegate.swift */ = {isa = PBXFileReference; lastKnownFileType = sourcecode.swift; path = SceneDelegate.swift; sourceTree = "<group>"; };
		1AD3832A23DBBBDF00EB72F1 /* MainViewController.swift */ = {isa = PBXFileReference; lastKnownFileType = sourcecode.swift; path = MainViewController.swift; sourceTree = "<group>"; };
		1AD3832F23DBBBE300EB72F1 /* Assets.xcassets */ = {isa = PBXFileReference; lastKnownFileType = folder.assetcatalog; path = Assets.xcassets; sourceTree = "<group>"; };
		1AD3833223DBBBE300EB72F1 /* Base */ = {isa = PBXFileReference; lastKnownFileType = file.storyboard; name = Base; path = Base.lproj/LaunchScreen.storyboard; sourceTree = "<group>"; };
		1AD3833423DBBBE300EB72F1 /* Info.plist */ = {isa = PBXFileReference; lastKnownFileType = text.plist.xml; path = Info.plist; sourceTree = "<group>"; };
		1AD3833923DBBBE300EB72F1 /* MVVMStudyTests.xctest */ = {isa = PBXFileReference; explicitFileType = wrapper.cfbundle; includeInIndex = 0; path = MVVMStudyTests.xctest; sourceTree = BUILT_PRODUCTS_DIR; };
		1AD3833D23DBBBE300EB72F1 /* MVVMStudyTests.swift */ = {isa = PBXFileReference; lastKnownFileType = sourcecode.swift; path = MVVMStudyTests.swift; sourceTree = "<group>"; };
		1AD3833F23DBBBE300EB72F1 /* Info.plist */ = {isa = PBXFileReference; lastKnownFileType = text.plist.xml; path = Info.plist; sourceTree = "<group>"; };
		1AD3835123DBCF5F00EB72F1 /* ProviderProtocol.swift */ = {isa = PBXFileReference; lastKnownFileType = sourcecode.swift; path = ProviderProtocol.swift; sourceTree = "<group>"; };
		1AD3835323DBCF8300EB72F1 /* ServiceProtocol.swift */ = {isa = PBXFileReference; lastKnownFileType = sourcecode.swift; path = ServiceProtocol.swift; sourceTree = "<group>"; };
		1AD3835523DBCFA100EB72F1 /* URLSessionProtocol.swift */ = {isa = PBXFileReference; lastKnownFileType = sourcecode.swift; path = URLSessionProtocol.swift; sourceTree = "<group>"; };
		1AD3835723DBD02400EB72F1 /* URLSessionProvider.swift */ = {isa = PBXFileReference; lastKnownFileType = sourcecode.swift; path = URLSessionProvider.swift; sourceTree = "<group>"; };
		1AD3835923DBD04700EB72F1 /* Service.swift */ = {isa = PBXFileReference; lastKnownFileType = sourcecode.swift; path = Service.swift; sourceTree = "<group>"; };
		1AD3835C23DBD07800EB72F1 /* HTTPMethod.swift */ = {isa = PBXFileReference; lastKnownFileType = sourcecode.swift; path = HTTPMethod.swift; sourceTree = "<group>"; };
		1AD3835E23DBD08D00EB72F1 /* NetworkError.swift */ = {isa = PBXFileReference; lastKnownFileType = sourcecode.swift; path = NetworkError.swift; sourceTree = "<group>"; };
		1AD3836023DBD0A800EB72F1 /* NetworkResponse.swift */ = {isa = PBXFileReference; lastKnownFileType = sourcecode.swift; path = NetworkResponse.swift; sourceTree = "<group>"; };
		1AD3836223DBD0CA00EB72F1 /* ParametersEncoding.swift */ = {isa = PBXFileReference; lastKnownFileType = sourcecode.swift; path = ParametersEncoding.swift; sourceTree = "<group>"; };
		1AD3836423DBD0E000EB72F1 /* Task.swift */ = {isa = PBXFileReference; lastKnownFileType = sourcecode.swift; path = Task.swift; sourceTree = "<group>"; };
		1AD3836623DBD10900EB72F1 /* URLComponents+.swift */ = {isa = PBXFileReference; lastKnownFileType = sourcecode.swift; path = "URLComponents+.swift"; sourceTree = "<group>"; };
		1AD3836823DBD12A00EB72F1 /* URLRequest+.swift */ = {isa = PBXFileReference; lastKnownFileType = sourcecode.swift; path = "URLRequest+.swift"; sourceTree = "<group>"; };
		1AD3836A23DBD13900EB72F1 /* URLSession+.swift */ = {isa = PBXFileReference; lastKnownFileType = sourcecode.swift; path = "URLSession+.swift"; sourceTree = "<group>"; };
		1AD3836C23DBD5E700EB72F1 /* NetworkManager.swift */ = {isa = PBXFileReference; lastKnownFileType = sourcecode.swift; path = NetworkManager.swift; sourceTree = "<group>"; };
		1AD3836E23DBD84500EB72F1 /* Movie.swift */ = {isa = PBXFileReference; lastKnownFileType = sourcecode.swift; path = Movie.swift; sourceTree = "<group>"; };
		1AE2656823DFA8CA006B4944 /* MoviesViewModelTests.swift */ = {isa = PBXFileReference; lastKnownFileType = sourcecode.swift; path = MoviesViewModelTests.swift; sourceTree = "<group>"; };
/* End PBXFileReference section */

/* Begin PBXFrameworksBuildPhase section */
		1AD3832023DBBBDF00EB72F1 /* Frameworks */ = {
			isa = PBXFrameworksBuildPhase;
			buildActionMask = 2147483647;
			files = (
			);
			runOnlyForDeploymentPostprocessing = 0;
		};
		1AD3833623DBBBE300EB72F1 /* Frameworks */ = {
			isa = PBXFrameworksBuildPhase;
			buildActionMask = 2147483647;
			files = (
			);
			runOnlyForDeploymentPostprocessing = 0;
		};
/* End PBXFrameworksBuildPhase section */

/* Begin PBXGroup section */
		1A0E298623DCB2170017742F /* Extensions */ = {
			isa = PBXGroup;
			children = (
				1A0E298A23DCB2C40017742F /* UIView+Constraints.swift */,
				1A0E298D23DCB3E50017742F /* UIImageView+LoadImage.swift */,
			);
			path = Extensions;
			sourceTree = "<group>";
		};
		1A0E298723DCB2850017742F /* Protocols */ = {
			isa = PBXGroup;
			children = (
				1A0E298823DCB2900017742F /* ViewCode.swift */,
			);
			path = Protocols;
			sourceTree = "<group>";
		};
		1A0E298C23DCB3780017742F /* Cells */ = {
			isa = PBXGroup;
			children = (
				1A0E299223DCC8580017742F /* MovieTableViewCell.swift */,
			);
			path = Cells;
			sourceTree = "<group>";
		};
		1A0E298F23DCBC690017742F /* Settings */ = {
			isa = PBXGroup;
			children = (
				1A0E299023DCBC890017742F /* LayoutSettings.swift */,
			);
			path = Settings;
			sourceTree = "<group>";
		};
		1AD3831A23DBBBDF00EB72F1 = {
			isa = PBXGroup;
			children = (
				1AD3832523DBBBDF00EB72F1 /* MVVMStudy */,
				1AD3833C23DBBBE300EB72F1 /* MVVMStudyTests */,
				1AD3832423DBBBDF00EB72F1 /* Products */,
			);
			sourceTree = "<group>";
		};
		1AD3832423DBBBDF00EB72F1 /* Products */ = {
			isa = PBXGroup;
			children = (
				1AD3832323DBBBDF00EB72F1 /* MVVMStudy.app */,
				1AD3833923DBBBE300EB72F1 /* MVVMStudyTests.xctest */,
			);
			name = Products;
			sourceTree = "<group>";
		};
		1AD3832523DBBBDF00EB72F1 /* MVVMStudy */ = {
			isa = PBXGroup;
			children = (
				1AD3834B23DBCBDB00EB72F1 /* Network */,
				1AD3834A23DBBC6300EB72F1 /* Model */,
				1AD3834923DBBBF800EB72F1 /* View */,
				1AD3834823DBBBED00EB72F1 /* ViewModel */,
				1AD3832623DBBBDF00EB72F1 /* AppDelegate.swift */,
				1AD3832823DBBBDF00EB72F1 /* SceneDelegate.swift */,
				1AD3832A23DBBBDF00EB72F1 /* MainViewController.swift */,
				1AD3832F23DBBBE300EB72F1 /* Assets.xcassets */,
				1AD3833123DBBBE300EB72F1 /* LaunchScreen.storyboard */,
				1AD3833423DBBBE300EB72F1 /* Info.plist */,
			);
			path = MVVMStudy;
			sourceTree = "<group>";
		};
		1AD3833C23DBBBE300EB72F1 /* MVVMStudyTests */ = {
			isa = PBXGroup;
			children = (
				1AE2656723DFA8A8006B4944 /* ViewModel */,
				1AD3833D23DBBBE300EB72F1 /* MVVMStudyTests.swift */,
				1AD3833F23DBBBE300EB72F1 /* Info.plist */,
			);
			path = MVVMStudyTests;
			sourceTree = "<group>";
		};
		1AD3834823DBBBED00EB72F1 /* ViewModel */ = {
			isa = PBXGroup;
			children = (
				1A0E299423DCCF900017742F /* MoviesViewModel.swift */,
			);
			path = ViewModel;
			sourceTree = "<group>";
		};
		1AD3834923DBBBF800EB72F1 /* View */ = {
			isa = PBXGroup;
			children = (
				1A0E298F23DCBC690017742F /* Settings */,
				1A0E298C23DCB3780017742F /* Cells */,
				1A0E298723DCB2850017742F /* Protocols */,
				1A0E298623DCB2170017742F /* Extensions */,
				1A0E298423DCB1FE0017742F /* MoviesView.swift */,
			);
			path = View;
			sourceTree = "<group>";
		};
		1AD3834A23DBBC6300EB72F1 /* Model */ = {
			isa = PBXGroup;
			children = (
				1AD3836E23DBD84500EB72F1 /* Movie.swift */,
			);
			path = Model;
			sourceTree = "<group>";
		};
		1AD3834B23DBCBDB00EB72F1 /* Network */ = {
			isa = PBXGroup;
			children = (
				1AD3834C23DBCE2800EB72F1 /* Enums */,
				1AD3834D23DBCE3200EB72F1 /* Manager */,
				1AD3834F23DBCE4800EB72F1 /* Provider */,
				1AD3834E23DBCE4000EB72F1 /* Protocols */,
				1AD3835023DBCE5000EB72F1 /* Services */,
			);
			path = Network;
			sourceTree = "<group>";
		};
		1AD3834C23DBCE2800EB72F1 /* Enums */ = {
			isa = PBXGroup;
			children = (
				1AD3835B23DBD06000EB72F1 /* Extensions */,
				1AD3835C23DBD07800EB72F1 /* HTTPMethod.swift */,
				1AD3835E23DBD08D00EB72F1 /* NetworkError.swift */,
				1AD3836023DBD0A800EB72F1 /* NetworkResponse.swift */,
				1AD3836223DBD0CA00EB72F1 /* ParametersEncoding.swift */,
				1AD3836423DBD0E000EB72F1 /* Task.swift */,
			);
			path = Enums;
			sourceTree = "<group>";
		};
		1AD3834D23DBCE3200EB72F1 /* Manager */ = {
			isa = PBXGroup;
			children = (
				1AD3836C23DBD5E700EB72F1 /* NetworkManager.swift */,
			);
			path = Manager;
			sourceTree = "<group>";
		};
		1AD3834E23DBCE4000EB72F1 /* Protocols */ = {
			isa = PBXGroup;
			children = (
				1AD3835123DBCF5F00EB72F1 /* ProviderProtocol.swift */,
				1AD3835323DBCF8300EB72F1 /* ServiceProtocol.swift */,
				1AD3835523DBCFA100EB72F1 /* URLSessionProtocol.swift */,
			);
			path = Protocols;
			sourceTree = "<group>";
		};
		1AD3834F23DBCE4800EB72F1 /* Provider */ = {
			isa = PBXGroup;
			children = (
				1AD3835723DBD02400EB72F1 /* URLSessionProvider.swift */,
			);
			path = Provider;
			sourceTree = "<group>";
		};
		1AD3835023DBCE5000EB72F1 /* Services */ = {
			isa = PBXGroup;
			children = (
				1AD3835923DBD04700EB72F1 /* Service.swift */,
			);
			path = Services;
			sourceTree = "<group>";
		};
		1AD3835B23DBD06000EB72F1 /* Extensions */ = {
			isa = PBXGroup;
			children = (
				1AD3836623DBD10900EB72F1 /* URLComponents+.swift */,
				1AD3836823DBD12A00EB72F1 /* URLRequest+.swift */,
				1AD3836A23DBD13900EB72F1 /* URLSession+.swift */,
			);
			path = Extensions;
			sourceTree = "<group>";
		};
		1AE2656723DFA8A8006B4944 /* ViewModel */ = {
			isa = PBXGroup;
			children = (
				1AE2656823DFA8CA006B4944 /* MoviesViewModelTests.swift */,
			);
			path = ViewModel;
			sourceTree = "<group>";
		};
/* End PBXGroup section */

/* Begin PBXNativeTarget section */
		1AD3832223DBBBDF00EB72F1 /* MVVMStudy */ = {
			isa = PBXNativeTarget;
			buildConfigurationList = 1AD3834223DBBBE300EB72F1 /* Build configuration list for PBXNativeTarget "MVVMStudy" */;
			buildPhases = (
				1AD3831F23DBBBDF00EB72F1 /* Sources */,
				1AD3832023DBBBDF00EB72F1 /* Frameworks */,
				1AD3832123DBBBDF00EB72F1 /* Resources */,
			);
			buildRules = (
			);
			dependencies = (
			);
			name = MVVMStudy;
			productName = MVVMStudy;
			productReference = 1AD3832323DBBBDF00EB72F1 /* MVVMStudy.app */;
			productType = "com.apple.product-type.application";
		};
		1AD3833823DBBBE300EB72F1 /* MVVMStudyTests */ = {
			isa = PBXNativeTarget;
			buildConfigurationList = 1AD3834523DBBBE300EB72F1 /* Build configuration list for PBXNativeTarget "MVVMStudyTests" */;
			buildPhases = (
				1AD3833523DBBBE300EB72F1 /* Sources */,
				1AD3833623DBBBE300EB72F1 /* Frameworks */,
				1AD3833723DBBBE300EB72F1 /* Resources */,
			);
			buildRules = (
			);
			dependencies = (
				1AD3833B23DBBBE300EB72F1 /* PBXTargetDependency */,
			);
			name = MVVMStudyTests;
			productName = MVVMStudyTests;
			productReference = 1AD3833923DBBBE300EB72F1 /* MVVMStudyTests.xctest */;
			productType = "com.apple.product-type.bundle.unit-test";
		};
/* End PBXNativeTarget section */

/* Begin PBXProject section */
		1AD3831B23DBBBDF00EB72F1 /* Project object */ = {
			isa = PBXProject;
			attributes = {
				LastSwiftUpdateCheck = 1130;
				LastUpgradeCheck = 1130;
				ORGANIZATIONNAME = "Alcides Junior";
				TargetAttributes = {
					1AD3832223DBBBDF00EB72F1 = {
						CreatedOnToolsVersion = 11.3.1;
					};
					1AD3833823DBBBE300EB72F1 = {
						CreatedOnToolsVersion = 11.3.1;
						TestTargetID = 1AD3832223DBBBDF00EB72F1;
					};
				};
			};
			buildConfigurationList = 1AD3831E23DBBBDF00EB72F1 /* Build configuration list for PBXProject "MVVMStudy" */;
			compatibilityVersion = "Xcode 9.3";
			developmentRegion = en;
			hasScannedForEncodings = 0;
			knownRegions = (
				en,
				Base,
			);
			mainGroup = 1AD3831A23DBBBDF00EB72F1;
			productRefGroup = 1AD3832423DBBBDF00EB72F1 /* Products */;
			projectDirPath = "";
			projectRoot = "";
			targets = (
				1AD3832223DBBBDF00EB72F1 /* MVVMStudy */,
				1AD3833823DBBBE300EB72F1 /* MVVMStudyTests */,
			);
		};
/* End PBXProject section */

/* Begin PBXResourcesBuildPhase section */
		1AD3832123DBBBDF00EB72F1 /* Resources */ = {
			isa = PBXResourcesBuildPhase;
			buildActionMask = 2147483647;
			files = (
				1AD3833323DBBBE300EB72F1 /* LaunchScreen.storyboard in Resources */,
				1AD3833023DBBBE300EB72F1 /* Assets.xcassets in Resources */,
			);
			runOnlyForDeploymentPostprocessing = 0;
		};
		1AD3833723DBBBE300EB72F1 /* Resources */ = {
			isa = PBXResourcesBuildPhase;
			buildActionMask = 2147483647;
			files = (
			);
			runOnlyForDeploymentPostprocessing = 0;
		};
/* End PBXResourcesBuildPhase section */

/* Begin PBXSourcesBuildPhase section */
		1AD3831F23DBBBDF00EB72F1 /* Sources */ = {
			isa = PBXSourcesBuildPhase;
			buildActionMask = 2147483647;
			files = (
				1AD3835623DBCFA100EB72F1 /* URLSessionProtocol.swift in Sources */,
				1AD3835A23DBD04700EB72F1 /* Service.swift in Sources */,
				1AD3836F23DBD84500EB72F1 /* Movie.swift in Sources */,
				1A0E298B23DCB2C40017742F /* UIView+Constraints.swift in Sources */,
				1AD3832B23DBBBDF00EB72F1 /* MainViewController.swift in Sources */,
				1AD3835423DBCF8300EB72F1 /* ServiceProtocol.swift in Sources */,
				1A0E298523DCB1FE0017742F /* MoviesView.swift in Sources */,
				1AD3832723DBBBDF00EB72F1 /* AppDelegate.swift in Sources */,
				1AD3836B23DBD13900EB72F1 /* URLSession+.swift in Sources */,
				1A0E299123DCBC890017742F /* LayoutSettings.swift in Sources */,
				1AD3835D23DBD07800EB72F1 /* HTTPMethod.swift in Sources */,
				1AD3835223DBCF5F00EB72F1 /* ProviderProtocol.swift in Sources */,
				1AD3835823DBD02400EB72F1 /* URLSessionProvider.swift in Sources */,
				1A0E298923DCB2900017742F /* ViewCode.swift in Sources */,
				1A0E299323DCC8580017742F /* MovieTableViewCell.swift in Sources */,
				1AD3836523DBD0E000EB72F1 /* Task.swift in Sources */,
				1AD3836D23DBD5E700EB72F1 /* NetworkManager.swift in Sources */,
				1AD3836923DBD12A00EB72F1 /* URLRequest+.swift in Sources */,
				1A0E298E23DCB3E50017742F /* UIImageView+LoadImage.swift in Sources */,
				1AD3836123DBD0A800EB72F1 /* NetworkResponse.swift in Sources */,
				1AD3835F23DBD08D00EB72F1 /* NetworkError.swift in Sources */,
				1AD3836723DBD10900EB72F1 /* URLComponents+.swift in Sources */,
				1AD3836323DBD0CA00EB72F1 /* ParametersEncoding.swift in Sources */,
				1AD3832923DBBBDF00EB72F1 /* SceneDelegate.swift in Sources */,
				1A0E299523DCCF900017742F /* MoviesViewModel.swift in Sources */,
			);
			runOnlyForDeploymentPostprocessing = 0;
		};
		1AD3833523DBBBE300EB72F1 /* Sources */ = {
			isa = PBXSourcesBuildPhase;
			buildActionMask = 2147483647;
			files = (
				1AD3833E23DBBBE300EB72F1 /* MVVMStudyTests.swift in Sources */,
				1AE2656923DFA8CA006B4944 /* MoviesViewModelTests.swift in Sources */,
			);
			runOnlyForDeploymentPostprocessing = 0;
		};
/* End PBXSourcesBuildPhase section */

/* Begin PBXTargetDependency section */
		1AD3833B23DBBBE300EB72F1 /* PBXTargetDependency */ = {
			isa = PBXTargetDependency;
			target = 1AD3832223DBBBDF00EB72F1 /* MVVMStudy */;
			targetProxy = 1AD3833A23DBBBE300EB72F1 /* PBXContainerItemProxy */;
		};
/* End PBXTargetDependency section */

/* Begin PBXVariantGroup section */
		1AD3833123DBBBE300EB72F1 /* LaunchScreen.storyboard */ = {
			isa = PBXVariantGroup;
			children = (
				1AD3833223DBBBE300EB72F1 /* Base */,
			);
			name = LaunchScreen.storyboard;
			sourceTree = "<group>";
		};
/* End PBXVariantGroup section */

/* Begin XCBuildConfiguration section */
		1AD3834023DBBBE300EB72F1 /* Debug */ = {
			isa = XCBuildConfiguration;
			buildSettings = {
				ALWAYS_SEARCH_USER_PATHS = NO;
				CLANG_ANALYZER_NONNULL = YES;
				CLANG_ANALYZER_NUMBER_OBJECT_CONVERSION = YES_AGGRESSIVE;
				CLANG_CXX_LANGUAGE_STANDARD = "gnu++14";
				CLANG_CXX_LIBRARY = "libc++";
				CLANG_ENABLE_MODULES = YES;
				CLANG_ENABLE_OBJC_ARC = YES;
				CLANG_ENABLE_OBJC_WEAK = YES;
				CLANG_WARN_BLOCK_CAPTURE_AUTORELEASING = YES;
				CLANG_WARN_BOOL_CONVERSION = YES;
				CLANG_WARN_COMMA = YES;
				CLANG_WARN_CONSTANT_CONVERSION = YES;
				CLANG_WARN_DEPRECATED_OBJC_IMPLEMENTATIONS = YES;
				CLANG_WARN_DIRECT_OBJC_ISA_USAGE = YES_ERROR;
				CLANG_WARN_DOCUMENTATION_COMMENTS = YES;
				CLANG_WARN_EMPTY_BODY = YES;
				CLANG_WARN_ENUM_CONVERSION = YES;
				CLANG_WARN_INFINITE_RECURSION = YES;
				CLANG_WARN_INT_CONVERSION = YES;
				CLANG_WARN_NON_LITERAL_NULL_CONVERSION = YES;
				CLANG_WARN_OBJC_IMPLICIT_RETAIN_SELF = YES;
				CLANG_WARN_OBJC_LITERAL_CONVERSION = YES;
				CLANG_WARN_OBJC_ROOT_CLASS = YES_ERROR;
				CLANG_WARN_RANGE_LOOP_ANALYSIS = YES;
				CLANG_WARN_STRICT_PROTOTYPES = YES;
				CLANG_WARN_SUSPICIOUS_MOVE = YES;
				CLANG_WARN_UNGUARDED_AVAILABILITY = YES_AGGRESSIVE;
				CLANG_WARN_UNREACHABLE_CODE = YES;
				CLANG_WARN__DUPLICATE_METHOD_MATCH = YES;
				COPY_PHASE_STRIP = NO;
				DEBUG_INFORMATION_FORMAT = dwarf;
				ENABLE_STRICT_OBJC_MSGSEND = YES;
				ENABLE_TESTABILITY = YES;
				GCC_C_LANGUAGE_STANDARD = gnu11;
				GCC_DYNAMIC_NO_PIC = NO;
				GCC_NO_COMMON_BLOCKS = YES;
				GCC_OPTIMIZATION_LEVEL = 0;
				GCC_PREPROCESSOR_DEFINITIONS = (
					"DEBUG=1",
					"$(inherited)",
				);
				GCC_WARN_64_TO_32_BIT_CONVERSION = YES;
				GCC_WARN_ABOUT_RETURN_TYPE = YES_ERROR;
				GCC_WARN_UNDECLARED_SELECTOR = YES;
				GCC_WARN_UNINITIALIZED_AUTOS = YES_AGGRESSIVE;
				GCC_WARN_UNUSED_FUNCTION = YES;
				GCC_WARN_UNUSED_VARIABLE = YES;
				IPHONEOS_DEPLOYMENT_TARGET = 13.2;
				MTL_ENABLE_DEBUG_INFO = INCLUDE_SOURCE;
				MTL_FAST_MATH = YES;
				ONLY_ACTIVE_ARCH = YES;
				SDKROOT = iphoneos;
				SWIFT_ACTIVE_COMPILATION_CONDITIONS = DEBUG;
				SWIFT_OPTIMIZATION_LEVEL = "-Onone";
			};
			name = Debug;
		};
		1AD3834123DBBBE300EB72F1 /* Release */ = {
			isa = XCBuildConfiguration;
			buildSettings = {
				ALWAYS_SEARCH_USER_PATHS = NO;
				CLANG_ANALYZER_NONNULL = YES;
				CLANG_ANALYZER_NUMBER_OBJECT_CONVERSION = YES_AGGRESSIVE;
				CLANG_CXX_LANGUAGE_STANDARD = "gnu++14";
				CLANG_CXX_LIBRARY = "libc++";
				CLANG_ENABLE_MODULES = YES;
				CLANG_ENABLE_OBJC_ARC = YES;
				CLANG_ENABLE_OBJC_WEAK = YES;
				CLANG_WARN_BLOCK_CAPTURE_AUTORELEASING = YES;
				CLANG_WARN_BOOL_CONVERSION = YES;
				CLANG_WARN_COMMA = YES;
				CLANG_WARN_CONSTANT_CONVERSION = YES;
				CLANG_WARN_DEPRECATED_OBJC_IMPLEMENTATIONS = YES;
				CLANG_WARN_DIRECT_OBJC_ISA_USAGE = YES_ERROR;
				CLANG_WARN_DOCUMENTATION_COMMENTS = YES;
				CLANG_WARN_EMPTY_BODY = YES;
				CLANG_WARN_ENUM_CONVERSION = YES;
				CLANG_WARN_INFINITE_RECURSION = YES;
				CLANG_WARN_INT_CONVERSION = YES;
				CLANG_WARN_NON_LITERAL_NULL_CONVERSION = YES;
				CLANG_WARN_OBJC_IMPLICIT_RETAIN_SELF = YES;
				CLANG_WARN_OBJC_LITERAL_CONVERSION = YES;
				CLANG_WARN_OBJC_ROOT_CLASS = YES_ERROR;
				CLANG_WARN_RANGE_LOOP_ANALYSIS = YES;
				CLANG_WARN_STRICT_PROTOTYPES = YES;
				CLANG_WARN_SUSPICIOUS_MOVE = YES;
				CLANG_WARN_UNGUARDED_AVAILABILITY = YES_AGGRESSIVE;
				CLANG_WARN_UNREACHABLE_CODE = YES;
				CLANG_WARN__DUPLICATE_METHOD_MATCH = YES;
				COPY_PHASE_STRIP = NO;
				DEBUG_INFORMATION_FORMAT = "dwarf-with-dsym";
				ENABLE_NS_ASSERTIONS = NO;
				ENABLE_STRICT_OBJC_MSGSEND = YES;
				GCC_C_LANGUAGE_STANDARD = gnu11;
				GCC_NO_COMMON_BLOCKS = YES;
				GCC_WARN_64_TO_32_BIT_CONVERSION = YES;
				GCC_WARN_ABOUT_RETURN_TYPE = YES_ERROR;
				GCC_WARN_UNDECLARED_SELECTOR = YES;
				GCC_WARN_UNINITIALIZED_AUTOS = YES_AGGRESSIVE;
				GCC_WARN_UNUSED_FUNCTION = YES;
				GCC_WARN_UNUSED_VARIABLE = YES;
				IPHONEOS_DEPLOYMENT_TARGET = 13.2;
				MTL_ENABLE_DEBUG_INFO = NO;
				MTL_FAST_MATH = YES;
				SDKROOT = iphoneos;
				SWIFT_COMPILATION_MODE = wholemodule;
				SWIFT_OPTIMIZATION_LEVEL = "-O";
				VALIDATE_PRODUCT = YES;
			};
			name = Release;
		};
		1AD3834323DBBBE300EB72F1 /* Debug */ = {
			isa = XCBuildConfiguration;
			buildSettings = {
				ASSETCATALOG_COMPILER_APPICON_NAME = AppIcon;
				CODE_SIGN_STYLE = Automatic;
				DEVELOPMENT_TEAM = H5762RAVC8;
				INFOPLIST_FILE = MVVMStudy/Info.plist;
				LD_RUNPATH_SEARCH_PATHS = (
					"$(inherited)",
					"@executable_path/Frameworks",
				);
				PRODUCT_BUNDLE_IDENTIFIER = alcidesjunior.MVVMStudy;
				PRODUCT_NAME = "$(TARGET_NAME)";
				SWIFT_VERSION = 5.0;
				TARGETED_DEVICE_FAMILY = "1,2";
			};
			name = Debug;
		};
		1AD3834423DBBBE300EB72F1 /* Release */ = {
			isa = XCBuildConfiguration;
			buildSettings = {
				ASSETCATALOG_COMPILER_APPICON_NAME = AppIcon;
				CODE_SIGN_STYLE = Automatic;
				DEVELOPMENT_TEAM = H5762RAVC8;
				INFOPLIST_FILE = MVVMStudy/Info.plist;
				LD_RUNPATH_SEARCH_PATHS = (
					"$(inherited)",
					"@executable_path/Frameworks",
				);
				PRODUCT_BUNDLE_IDENTIFIER = alcidesjunior.MVVMStudy;
				PRODUCT_NAME = "$(TARGET_NAME)";
				SWIFT_VERSION = 5.0;
				TARGETED_DEVICE_FAMILY = "1,2";
			};
			name = Release;
		};
		1AD3834623DBBBE300EB72F1 /* Debug */ = {
			isa = XCBuildConfiguration;
			buildSettings = {
				ALWAYS_EMBED_SWIFT_STANDARD_LIBRARIES = YES;
				BUNDLE_LOADER = "$(TEST_HOST)";
				CODE_SIGN_STYLE = Automatic;
				DEVELOPMENT_TEAM = H5762RAVC8;
				INFOPLIST_FILE = MVVMStudyTests/Info.plist;
				IPHONEOS_DEPLOYMENT_TARGET = 13.2;
				LD_RUNPATH_SEARCH_PATHS = (
					"$(inherited)",
					"@executable_path/Frameworks",
					"@loader_path/Frameworks",
				);
				PRODUCT_BUNDLE_IDENTIFIER = alcidesjunior.MVVMStudyTests;
				PRODUCT_NAME = "$(TARGET_NAME)";
				SWIFT_VERSION = 5.0;
				TARGETED_DEVICE_FAMILY = "1,2";
				TEST_HOST = "$(BUILT_PRODUCTS_DIR)/MVVMStudy.app/MVVMStudy";
			};
			name = Debug;
		};
		1AD3834723DBBBE300EB72F1 /* Release */ = {
			isa = XCBuildConfiguration;
			buildSettings = {
				ALWAYS_EMBED_SWIFT_STANDARD_LIBRARIES = YES;
				BUNDLE_LOADER = "$(TEST_HOST)";
				CODE_SIGN_STYLE = Automatic;
				DEVELOPMENT_TEAM = H5762RAVC8;
				INFOPLIST_FILE = MVVMStudyTests/Info.plist;
				IPHONEOS_DEPLOYMENT_TARGET = 13.2;
				LD_RUNPATH_SEARCH_PATHS = (
					"$(inherited)",
					"@executable_path/Frameworks",
					"@loader_path/Frameworks",
				);
				PRODUCT_BUNDLE_IDENTIFIER = alcidesjunior.MVVMStudyTests;
				PRODUCT_NAME = "$(TARGET_NAME)";
				SWIFT_VERSION = 5.0;
				TARGETED_DEVICE_FAMILY = "1,2";
				TEST_HOST = "$(BUILT_PRODUCTS_DIR)/MVVMStudy.app/MVVMStudy";
			};
			name = Release;
		};
/* End XCBuildConfiguration section */

/* Begin XCConfigurationList section */
		1AD3831E23DBBBDF00EB72F1 /* Build configuration list for PBXProject "MVVMStudy" */ = {
			isa = XCConfigurationList;
			buildConfigurations = (
				1AD3834023DBBBE300EB72F1 /* Debug */,
				1AD3834123DBBBE300EB72F1 /* Release */,
			);
			defaultConfigurationIsVisible = 0;
			defaultConfigurationName = Release;
		};
		1AD3834223DBBBE300EB72F1 /* Build configuration list for PBXNativeTarget "MVVMStudy" */ = {
			isa = XCConfigurationList;
			buildConfigurations = (
				1AD3834323DBBBE300EB72F1 /* Debug */,
				1AD3834423DBBBE300EB72F1 /* Release */,
			);
			defaultConfigurationIsVisible = 0;
			defaultConfigurationName = Release;
		};
		1AD3834523DBBBE300EB72F1 /* Build configuration list for PBXNativeTarget "MVVMStudyTests" */ = {
			isa = XCConfigurationList;
			buildConfigurations = (
				1AD3834623DBBBE300EB72F1 /* Debug */,
				1AD3834723DBBBE300EB72F1 /* Release */,
			);
			defaultConfigurationIsVisible = 0;
			defaultConfigurationName = Release;
		};
/* End XCConfigurationList section */
	};
	rootObject = 1AD3831B23DBBBDF00EB72F1 /* Project object */;
}
